
Microsoft Visual Studio Solution File, Format Version 12.00
# Visual Studio Version 17
VisualStudioVersion = 17.0.31903.59
MinimumVisualStudioVersion = 10.0.40219.1
Project("{9A19103F-16F7-4668-BE54-9A1E7A4F7556}") = "MyInventory", "MyInventory\MyInventory.csproj", "{449600E2-6720-4FAD-8BAD-AF699FEBD2CF}"
EndProject
Global
	GlobalSection(SolutionConfigurationPlatforms) = preSolution
		Debug|Any CPU = Debug|Any CPU
		Release|Any CPU = Release|Any CPU
	EndGlobalSection
	GlobalSection(ProjectConfigurationPlatforms) = postSolution
		{449600E2-6720-4FAD-8BAD-AF699FEBD2CF}.Debug|Any CPU.ActiveCfg = Debug|Any CPU
		{449600E2-6720-4FAD-8BAD-AF699FEBD2CF}.Debug|Any CPU.Build.0 = Debug|Any CPU
		{449600E2-6720-4FAD-8BAD-AF699FEBD2CF}.Release|Any CPU.ActiveCfg = Release|Any CPU
		{449600E2-6720-4FAD-8BAD-AF699FEBD2CF}.Release|Any CPU.Build.0 = Release|Any CPU
	EndGlobalSection
	GlobalSection(SolutionProperties) = preSolution
		HideSolutionNode = FALSE
	EndGlobalSection
	GlobalSection(ExtensibilityGlobals) = postSolution
		SolutionGuid = {EEB23D5B-66FB-4488-B40E-4EA22A346C39}
	EndGlobalSection
EndGlobal
